{
  "nodes": {
    "agenix": {
      "inputs": {
        "darwin": [
          "feat-agenix"
        ],
        "home-manager": [
          "feat-agenix"
        ],
        "nixpkgs": [
          "feat-agenix",
          "nixpkgs"
        ],
        "systems": "systems"
      },
      "locked": {
        "lastModified": 1770165109,
        "narHash": "sha256-9VnK6Oqai65puVJ4WYtCTvlJeXxMzAp/69HhQuTdl/I=",
        "owner": "ryantm",
        "repo": "agenix",
        "rev": "b027ee29d959fda4b60b57566d64c98a202e0feb",
        "type": "github"
      },
      "original": {
        "owner": "ryantm",
        "repo": "agenix",
        "type": "github"
      }
    },
    "claude-code-bin": {
      "flake": false,
      "locked": {
        "narHash": "sha256-2199ZWBbDr3j8jk/umkrdQbTxi61f9hQXc7F95KOBng=",
        "type": "file",
        "url": "https://downloads.claude.ai/claude-code-releases/2.1.251/linux-x64/claude"
      },
      "original": {
        "type": "file",
        "url": "https://downloads.claude.ai/claude-code-releases/2.1.251/linux-x64/claude"
      }
    },
    "claude-desktop-bin": {
      "flake": false,
      "locked": {
        "narHash": "sha256-nxaTivY3d18ziV7Wnk3KFsJO0xNAr87WqGgm9yicm7Q=",
        "type": "file",
        "url": "https://downloads.claude.ai/claude-desktop/apt/stable/pool/main/c/claude-desktop/claude-desktop_1.40609.0_amd64.deb"
      },
      "original": {
        "type": "file",
        "url": "https://downloads.claude.ai/claude-desktop/apt/stable/pool/main/c/claude-desktop/claude-desktop_1.40609.0_amd64.deb"
      }
    },
    "dank-greeter": {
      "inputs": {
        "dank-qml-common": "dank-qml-common",
        "nixpkgs": [
          "feat-dms",
          "nixpkgs"
        ]
      },
      "locked": {
        "lastModified": 1787346578,
        "narHash": "sha256-yhhFqTRpo6PuSmA2C1S/RwsunJCXLB437PkJXMxJ6gU=",
        "owner": "AvengeMedia",
        "repo": "dank-greeter",
        "rev": "e957e4388fb04c30879200a1b58b7d27c9e51f2c",
        "type": "github"
      },
      "original": {
        "owner": "AvengeMedia",
        "repo": "dank-greeter",
        "type": "github"
      }
    },
    "dank-qml-common": {
      "flake": false,
      "locked": {
        "lastModified": 1784433462,
        "narHash": "sha256-8MdKtu/tSYrCenhtmgYW+lcv9JhGPTE3BnSE6WuqO1U=",
        "owner": "AvengeMedia",
        "repo": "dank-qml-common",
        "rev": "8d36f668d73e7a4391ea9ead3939c5de137aa1f0",
        "type": "github"
      },
      "original": {
        "owner": "AvengeMedia",
        "repo": "dank-qml-common",
        "type": "github"
      }
    },
    "dank-qml-common_2": {
      "flake": false,
      "locked": {
        "lastModified": 1787413952,
        "narHash": "sha256-jRqu1xKyWZkFdBlR8sP5qJMFrs+kWjs3Gt6BaNO92Ko=",
        "owner": "AvengeMedia",
        "repo": "dank-qml-common",
        "rev": "13b7f2e99a08438a94c37b474b355aff3a5c1db8",
        "type": "github"
      },
      "original": {
        "owner": "AvengeMedia",
        "repo": "dank-qml-common",
        "type": "github"
      }
    },
    "dms": {
      "inputs": {
        "dank-qml-common": "dank-qml-common_2",
        "flake-compat": "flake-compat",
        "nixpkgs": [
          "feat-dms",
          "nixpkgs"
        ]
      },
      "locked": {
        "lastModified": 1787543512,
        "narHash": "sha256-ZdqFQaKAOwQHPfS2Lh8xx9K7ZHwbvJ74WzsW84nHY9E=",
        "owner": "AvengeMedia",
        "repo": "DankMaterialShell",
        "rev": "d951dbddbd763a0cf0785fe8f2dc57daebe9bbb2",
        "type": "github"
      },
      "original": {
        "owner": "AvengeMedia",
        "repo": "DankMaterialShell",
        "type": "github"
      }
    },
    "dms-plugin-registry": {
      "inputs": {
        "nixpkgs": [
          "feat-dms",
          "nixpkgs"
        ]
      },
      "locked": {
        "lastModified": 1787538355,
        "narHash": "sha256-h7RlDfstSdD4dg9qcSEZQE0YnOY+cIv+1AAX6r9lRaQ=",
        "owner": "AvengeMedia",
        "repo": "dms-plugin-registry",
        "rev": "5db9d64e8253864914f232a58230a6d79580f7ec",
        "type": "github"
      },
      "original": {
        "owner": "AvengeMedia",
        "repo": "dms-plugin-registry",
        "type": "github"
      }
    },
    "doom-private": {
      "flake": false,
      "locked": {
        "lastModified": 1790679561,
        "narHash": "sha256-3jFIUrxzNKUMKpEfeW4KNTjKhsZdVaus53JKqpoQZiE=",
        "owner": "sihooleebd",
        "repo": "doom-emacs",
        "rev": "66fb71d4913eed64709e6a4adaa8a1d8d4d20f51",
        "type": "github"
      },
      "original": {
        "owner": "sihooleebd",
        "repo": "doom-emacs",
        "type": "github"
      }
    },
    "doomdir": {
      "flake": false,
      "locked": {
        "lastModified": 1783603851,
        "narHash": "sha256-PXn0v4NR75U7/FpkaZ9GD6HPepVY5vVT48tMd1tMgdQ=",
        "owner": "marienz",
        "repo": "nix-doom-emacs-unstraightened",
        "rev": "4c63e8a411f815bd2473e5ced94dc4b8bf31d240",
        "type": "github"
      },
      "original": {
        "owner": "marienz",
        "ref": "doomdir",
        "repo": "nix-doom-emacs-unstraightened",
        "type": "github"
      }
    },
    "doomemacs": {
      "flake": false,
      "locked": {
        "lastModified": 1787443868,
        "narHash": "sha256-SIB7ouFwkFzMIuW46rut9PktVrZ1so5sAeMnZHQoeqA=",
        "owner": "doomemacs",
        "repo": "core",
        "rev": "81dce4c6c2bb1d81098d48e54348a0916e8f1092",
        "type": "github"
      },
      "original": {
        "owner": "doomemacs",
        "repo": "core",
        "type": "github"
      }
    },
    "doomemacs-modules": {
      "flake": false,
      "locked": {
        "lastModified": 1787159534,
        "narHash": "sha256-Xe5D86R5uJiEAmzcasbDHy7ArWc4dJ7tmhAhVZOGSMU=",
        "owner": "doomemacs",
        "repo": "modules",
        "rev": "b9391c34dbb26df79d804444def3371c1ca8c342",
        "type": "github"
      },
      "original": {
        "owner": "doomemacs",
        "repo": "modules",
        "type": "github"
      }
    },
    "easyeffects-presets": {
      "flake": false,
      "locked": {
        "lastModified": 1780142087,
        "narHash": "sha256-JpQVWuEokBRu01xkGA22dPeV5Jo8Xzvfrg5oQ8RtIrI=",
        "owner": "JackHack96",
        "repo": "EasyEffects-Presets",
        "rev": "dd966e41ad9e44d4b11e19047f526ba718bbbe57",
        "type": "github"
      },
      "original": {
        "owner": "JackHack96",
        "repo": "EasyEffects-Presets",
        "type": "github"
      }
    },
    "emacs-overlay": {
      "inputs": {
        "nixpkgs": [
          "feat-emacs",
          "nix-doom-emacs-unstraightened"
        ],
        "nixpkgs-stable": [
          "feat-emacs",
          "nix-doom-emacs-unstraightened"
        ]
      },
      "locked": {
        "lastModified": 1787449939,
        "narHash": "sha256-evvlT3aWVHyU3vf5nkXntPNb1vf7+fzzIeZHLl7d7qg=",
        "owner": "nix-community",
        "repo": "emacs-overlay",
        "rev": "03abacf330d64b222b26adc5a7077c2f46468ac9",
        "type": "github"
      },
      "original": {
        "owner": "nix-community",
        "repo": "emacs-overlay",
        "type": "github"
      }
    },
    "feat-agenix": {
      "inputs": {
        "agenix": "agenix",
        "nixpkgs": [
          "nixpkgs"
        ]
      },
      "locked": {
        "path": "./features/agenix",
        "type": "path"
      },
      "original": {
        "path": "./features/agenix",
        "type": "path"
      },
      "parent": []
    },
    "feat-claude-code": {
      "inputs": {
        "claude-code-bin": "claude-code-bin"
      },
      "locked": {
        "path": "./features/claude-code",
        "type": "path"
      },
      "original": {
        "path": "./features/claude-code",
        "type": "path"
      },
      "parent": []
    },
    "feat-claude-desktop": {
      "inputs": {
        "claude-desktop-bin": "claude-desktop-bin"
      },
      "locked": {
        "path": "./features/claude-desktop",
        "type": "path"
      },
      "original": {
        "path": "./features/claude-desktop",
        "type": "path"
      },
      "parent": []
    },
    "feat-dms": {
      "inputs": {
        "dank-greeter": "dank-greeter",
        "dms": "dms",
        "dms-plugin-registry": "dms-plugin-registry",
        "nixpkgs": [
          "nixpkgs"
        ]
      },
      "locked": {
        "path": "./features/dms",
        "type": "path"
      },
      "original": {
        "path": "./features/dms",
        "type": "path"
      },
      "parent": []
    },
    "feat-easyeffects": {
      "inputs": {
        "easyeffects-presets": "easyeffects-presets"
      },
      "locked": {
        "path": "./features/easyeffects",
        "type": "path"
      },
      "original": {
        "path": "./features/easyeffects",
        "type": "path"
      },
      "parent": []
    },
    "feat-emacs": {
      "inputs": {
        "doom-private": "doom-private",
        "nix-doom-emacs-unstraightened": "nix-doom-emacs-unstraightened",
        "nixpkgs": [
          "nixpkgs"
        ],
        "nixpkgs-emacs-webkit": "nixpkgs-emacs-webkit"
      },
      "locked": {
        "path": "./features/emacs",
        "type": "path"
      },
      "original": {
        "path": "./features/emacs",
        "type": "path"
      },
      "parent": []
    },
    "feat-hakuspace": {
      "inputs": {
        "hakuspace": "hakuspace",
        "nixpkgs": [
          "nixpkgs"
        ]
      },
      "locked": {
        "path": "./features/hakuspace",
        "type": "path"
      },
      "original": {
        "path": "./features/hakuspace",
        "type": "path"
      },
      "parent": []
    },
    "feat-hop": {
      "inputs": {
        "hop-src": "hop-src",
        "rhwp-src": "rhwp-src"
      },
      "locked": {
        "path": "./features/hop",
        "type": "path"
      },
      "original": {
        "path": "./features/hop",
        "type": "path"
      },
      "parent": []
    },
    "feat-niri": {
      "inputs": {
        "niri": "niri",
        "nixpkgs": [
          "nixpkgs"
        ]
      },
      "locked": {
        "path": "./features/niri",
        "type": "path"
      },
      "original": {
        "path": "./features/niri",
        "type": "path"
      },
      "parent": []
    },
    "feat-samsung-galaxybook": {
      "inputs": {
        "samsung-galaxy-book-linux-fixes": "samsung-galaxy-book-linux-fixes"
      },
      "locked": {
        "path": "./features/samsung-galaxybook",
        "type": "path"
      },
      "original": {
        "path": "./features/samsung-galaxybook",
        "type": "path"
      },
      "parent": []
    },
    "flake-compat": {
      "flake": false,
      "locked": {
        "lastModified": 1767039857,
        "narHash": "sha256-vNpUSpF5Nuw8xvDLj2KCwwksIbjua2LZCqhV1LNRDns=",
        "owner": "NixOS",
        "repo": "flake-compat",
        "rev": "5edf11c44bc78a0d334f6334cdaf7d60d732daab",
        "type": "github"
      },
      "original": {
        "owner": "NixOS",
        "repo": "flake-compat",
        "type": "github"
      }
    },
    "flake-utils": {
      "inputs": {
        "systems": "systems_3"
      },
      "locked": {
        "lastModified": 1731533236,
        "narHash": "sha256-l0KFg5HjrsfsO/JpG+r7fRrqm12kzFHyUHqHCVpMMbI=",
        "owner": "numtide",
        "repo": "flake-utils",
        "rev": "11707dc2f618dd54ca8739b309ec4fc024de578b",
        "type": "github"
      },
      "original": {
        "owner": "numtide",
        "repo": "flake-utils",
        "type": "github"
      }
    },
    "hakuspace": {
      "inputs": {
        "nixpkgs": [
          "feat-hakuspace",
          "nixpkgs"
        ]
      },
      "locked": {
        "lastModified": 1788290651,
        "narHash": "sha256-6nwGQKpacM3L2QPFIaLOO04iGVTUsBYm6spsxE9IgVg=",
        "owner": "R0K0R",
        "repo": "hakuspace",
        "rev": "719c43c265ea422da2bfb0cb497985b6b67a9f07",
        "type": "github"
      },
      "original": {
        "owner": "R0K0R",
        "ref": "pr/nix-home-module",
        "repo": "hakuspace",
        "type": "github"
      }
    },
    "home-manager": {
      "inputs": {
        "nixpkgs": [
          "nixpkgs"
        ]
      },
      "locked": {
        "lastModified": 1787540599,
        "narHash": "sha256-MHwk52ty3NsLhq9a1IbIfBJZlCUJIdiUYFo52JLK9hY=",
        "owner": "nix-community",
        "repo": "home-manager",
        "rev": "03f4cd46bc1dd4f3a96da778d2ce9f7ce39dd450",
        "type": "github"
      },
      "original": {
        "owner": "nix-community",
        "repo": "home-manager",
        "type": "github"
      }
    },
    "hop-src": {
      "flake": false,
      "locked": {
        "lastModified": 1784632868,
        "narHash": "sha256-Uh+trwdIRMEAiFomApuxm/o06yyRJLQNEmIQS2hqGP4=",
        "owner": "golbin",
        "repo": "hop",
        "rev": "608d54bbc75af4142bc69c2c2b50c0c217b45731",
        "type": "github"
      },
      "original": {
        "owner": "golbin",
        "ref": "v0.4.1",
        "repo": "hop",
        "type": "github"
      }
    },
    "late-sh": {
      "inputs": {
        "flake-utils": "flake-utils",
        "nixpkgs": "nixpkgs",
        "rust-overlay": "rust-overlay"
      },
      "locked": {
        "lastModified": 1791269383,
        "narHash": "sha256-D3/urvQNLg8NP4L3QM7q3DemfOXe088uSWyJJ1blKhk=",
        "owner": "mpiorowski",
        "repo": "late-sh",
        "rev": "108ca48dbee513a075ebbf5588eeed5b559faf8f",
        "type": "github"
      },
      "original": {
        "owner": "mpiorowski",
        "repo": "late-sh",
        "type": "github"
      }
    },
    "niri": {
      "inputs": {
        "niri-stable": "niri-stable",
        "niri-unstable": "niri-unstable",
        "nixpkgs": [
          "feat-niri",
          "nixpkgs"
        ],
        "nixpkgs-stable": "nixpkgs-stable",
        "xwayland-satellite-stable": "xwayland-satellite-stable",
        "xwayland-satellite-unstable": "xwayland-satellite-unstable"
      },
      "locked": {
        "path": "./niri-flake-patch",
        "type": "path"
      },
      "original": {
        "path": "./niri-flake-patch",
        "type": "path"
      },
      "parent": [
        "feat-niri"
      ]
    },
    "niri-stable": {
      "flake": false,
      "locked": {
        "lastModified": 1756556321,
        "narHash": "sha256-RLD89dfjN0RVO86C/Mot0T7aduCygPGaYbog566F0Qo=",
        "owner": "YaLTeR",
        "repo": "niri",
        "rev": "01be0e65f4eb91a9cd624ac0b76aaeab765c7294",
        "type": "github"
      },
      "original": {
        "owner": "YaLTeR",
        "ref": "v25.08",
        "repo": "niri",
        "type": "github"
      }
    },
    "niri-unstable": {
      "flake": false,
      "locked": {
        "lastModified": 1787337984,
        "narHash": "sha256-BNZUEVR2H96hCKENNKoLSSTFT8W4smp7v94hJc4Ehfc=",
        "owner": "YaLTeR",
        "repo": "niri",
        "rev": "dd75865f547f0eac0e9b6c4d86d2cd00c0744252",
        "type": "github"
      },
      "original": {
        "owner": "YaLTeR",
        "repo": "niri",
        "type": "github"
      }
    },
    "nix-doom-emacs-unstraightened": {
      "inputs": {
        "doomdir": "doomdir",
        "doomemacs": "doomemacs",
        "doomemacs-modules": "doomemacs-modules",
        "emacs-overlay": "emacs-overlay",
        "nixpkgs": [
          "feat-emacs",
          "nixpkgs"
        ],
        "systems": "systems_2"
      },
      "locked": {
        "lastModified": 1787482452,
        "narHash": "sha256-ns7miiUhgYX/iThZvN8OETyuByyG98xiLHeY9jaUPYE=",
        "owner": "marienz",
        "repo": "nix-doom-emacs-unstraightened",
        "rev": "a835961c49f9d6369f2eeca9afbfe40cf9c6d46b",
        "type": "github"
      },
      "original": {
        "owner": "marienz",
        "repo": "nix-doom-emacs-unstraightened",
        "type": "github"
      }
    },
    "nixpkgs": {
      "locked": {
        "lastModified": 1789370336,
        "narHash": "sha256-6RSEDHIWQtesQKWSu5qRai8L2h4KgCgMEfJHstW99G4=",
        "owner": "NixOS",
        "repo": "nixpkgs",
        "rev": "c7def046b9a883d46974757852106483d741586f",
        "type": "github"
      },
      "original": {
        "owner": "NixOS",
        "ref": "nixpkgs-unstable",
        "repo": "nixpkgs",
        "type": "github"
      }
    },
    "nixpkgs-emacs-webkit": {
      "locked": {
        "lastModified": 1688392541,
        "narHash": "sha256-lHrKvEkCPTUO+7tPfjIcb7Trk6k31rz18vkyqmkeJfY=",
        "owner": "NixOS",
        "repo": "nixpkgs",
        "rev": "ea4c80b39be4c09702b0cb3b42eab59e2ba4f24b",
        "type": "github"
      },
      "original": {
        "owner": "NixOS",
        "ref": "nixos-22.11",
        "repo": "nixpkgs",
        "type": "github"
      }
    },
    "nixpkgs-stable": {
      "locked": {
        "lastModified": 1782847189,
        "narHash": "sha256-twXPFqFsrrY5r28Zh7Homgcp2gUMBgQ6WDS98Q/3xFI=",
        "owner": "NixOS",
        "repo": "nixpkgs",
        "rev": "b6018f87da91d19d0ab4cf979885689b469cdd41",
        "type": "github"
      },
      "original": {
        "owner": "NixOS",
        "ref": "nixos-25.11",
        "repo": "nixpkgs",
        "type": "github"
      }
    },
    "nixpkgs-upstream": {
      "locked": {
        "lastModified": 1787498568,
        "narHash": "sha256-9i/VTdusq/+NM/tz+J1Re+ojkMB8MBf0QshnYfzHz30=",
        "owner": "NixOS",
        "repo": "nixpkgs",
        "rev": "56c02bc00adcf003215cc4bd996d6efaf4cff188",
        "type": "github"
      },
      "original": {
        "owner": "NixOS",
        "ref": "nixos-unstable",
        "repo": "nixpkgs",
        "type": "github"
      }
    },
    "nixpkgs_2": {
      "locked": {
        "lastModified": 1788178606,
        "narHash": "sha256-J7KXtwDdkt+S/mLWJWqXnyeD8RBJR4n9lKXGfrscQDA=",
        "owner": "R0K0R",
        "repo": "nixpkgs",
        "rev": "71e6f02e44c381d82a862956085b96cbe4ace3b9",
        "type": "github"
      },
      "original": {
        "owner": "R0K0R",
        "ref": "combined-fundamental",
        "repo": "nixpkgs",
        "type": "github"
      }
    },
    "nixpkgs_3": {
      "locked": {
        "lastModified": 1790822859,
        "narHash": "sha256-69xHQhAeMAD2wDXO7T2pcOZIF9Sga2W+JkmY2a11Ops=",
        "owner": "NixOS",
        "repo": "nixpkgs",
        "rev": "c59305bab2065cfecc4944690d9eedbb56f3a9fa",
        "type": "github"
      },
      "original": {
        "owner": "NixOS",
        "ref": "nixos-unstable",
        "repo": "nixpkgs",
        "type": "github"
      }
    },
    "rhwp-src": {
      "flake": false,
      "locked": {
        "lastModified": 1787541397,
        "narHash": "sha256-1e1rULnmdWe9lrrlU4duNKFHsn213yRc6kSTOr2xJBA=",
        "owner": "R0K0R",
        "repo": "rhwp",
        "rev": "30a2f7f9ffc88e58f85597a68613dd6ca45a323f",
        "type": "github"
      },
      "original": {
        "owner": "R0K0R",
        "ref": "perf/font-substitution-caches",
        "repo": "rhwp",
        "type": "github"
      }
    },
    "root": {
      "inputs": {
        "feat-agenix": "feat-agenix",
        "feat-claude-code": "feat-claude-code",
        "feat-claude-desktop": "feat-claude-desktop",
        "feat-dms": "feat-dms",
        "feat-easyeffects": "feat-easyeffects",
        "feat-emacs": "feat-emacs",
        "feat-hakuspace": "feat-hakuspace",
        "feat-hop": "feat-hop",
        "feat-niri": "feat-niri",
        "feat-samsung-galaxybook": "feat-samsung-galaxybook",
        "home-manager": "home-manager",
        "late-sh": "late-sh",
        "nixpkgs": "nixpkgs_2",
        "nixpkgs-upstream": "nixpkgs-upstream",
        "sonora": "sonora"
      }
    },
    "rust-overlay": {
      "inputs": {
        "nixpkgs": [
          "late-sh",
          "nixpkgs"
        ]
      },
      "locked": {
        "lastModified": 1789630063,
        "narHash": "sha256-hulcXtNnQVDTPXiC8dQpTX3FPHxklIfX7Cx2kd2GDrM=",
        "owner": "oxalica",
        "repo": "rust-overlay",
        "rev": "a1d497a9415999853809ba22a7959b1c36dc6554",
        "type": "github"
      },
      "original": {
        "owner": "oxalica",
        "repo": "rust-overlay",
        "type": "github"
      }
    },
    "rust-overlay_2": {
      "inputs": {
        "nixpkgs": [
          "sonora",
          "nixpkgs"
        ]
      },
      "locked": {
        "lastModified": 1789196581,
        "narHash": "sha256-yJr1Bt4fKkKIpPYbsKGqJ0VFdoDnURgRwuffmBQ2WzY=",
        "owner": "oxalica",
        "repo": "rust-overlay",
        "rev": "228ecefb6329d5a531b77b46b581a2f0c26ee056",
        "type": "github"
      },
      "original": {
        "owner": "oxalica",
        "repo": "rust-overlay",
        "type": "github"
      }
    },
    "samsung-galaxy-book-linux-fixes": {
      "flake": false,
      "locked": {
        "lastModified": 1779151423,
        "narHash": "sha256-fcwLBR+oE6VoEOJyjiusqzia/pyslcjLGFDwARY5wcQ=",
        "owner": "Andycodeman",
        "repo": "samsung-galaxy-book-linux-fixes",
        "rev": "70fd253adaa184c267f733f4606dc5d6dbec47db",
        "type": "github"
      },
      "original": {
        "owner": "Andycodeman",
        "ref": "v0.3.50",
        "repo": "samsung-galaxy-book-linux-fixes",
        "type": "github"
      }
    },
    "sonora": {
      "inputs": {
        "nixpkgs": "nixpkgs_3",
        "rust-overlay": "rust-overlay_2"
      },
      "locked": {
        "lastModified": 1791199202,
        "narHash": "sha256-KyfzhnPcOlApOAEkPNEbOv30UE8O3PJL2Z0qudcm3kQ=",
        "owner": "sihooleebd",
        "repo": "sononora",
        "rev": "45c6a3cef010357d65396a08c775f9c5de32d613",
        "type": "github"
      },
      "original": {
        "owner": "sihooleebd",
        "ref": "feat/niche-fixes-and-features",
        "repo": "sononora",
        "type": "github"
      }
    },
    "systems": {
      "locked": {
        "lastModified": 1681028828,
        "narHash": "sha256-Vy1rq5AaRuLzOxct8nz4T6wlgyUR7zLU309k9mBC768=",
        "owner": "nix-systems",
        "repo": "default",
        "rev": "da67096a3b9bf56a91d16901293e51ba5b49a27e",
        "type": "github"
      },
      "original": {
        "owner": "nix-systems",
        "repo": "default",
        "type": "github"
      }
    },
    "systems_2": {
      "locked": {
        "lastModified": 1681028828,
        "narHash": "sha256-Vy1rq5AaRuLzOxct8nz4T6wlgyUR7zLU309k9mBC768=",
        "owner": "nix-systems",
        "repo": "default",
        "rev": "da67096a3b9bf56a91d16901293e51ba5b49a27e",
        "type": "github"
      },
      "original": {
        "owner": "nix-systems",
        "repo": "default",
        "type": "github"
      }
    },
    "systems_3": {
      "locked": {
        "lastModified": 1681028828,
        "narHash": "sha256-Vy1rq5AaRuLzOxct8nz4T6wlgyUR7zLU309k9mBC768=",
        "owner": "nix-systems",
        "repo": "default",
        "rev": "da67096a3b9bf56a91d16901293e51ba5b49a27e",
        "type": "github"
      },
      "original": {
        "owner": "nix-systems",
        "repo": "default",
        "type": "github"
      }
    },
    "xwayland-satellite-stable": {
      "flake": false,
      "locked": {
        "lastModified": 1755491097,
        "narHash": "sha256-m+9tUfsmBeF2Gn4HWa6vSITZ4Gz1eA1F5Kh62B0N4oE=",
        "owner": "Supreeeme",
        "repo": "xwayland-satellite",
        "rev": "388d291e82ffbc73be18169d39470f340707edaa",
        "type": "github"
      },
      "original": {
        "owner": "Supreeeme",
        "ref": "v0.7",
        "repo": "xwayland-satellite",
        "type": "github"
      }
    },
    "xwayland-satellite-unstable": {
      "flake": false,
      "locked": {
        "lastModified": 1786221058,
        "narHash": "sha256-hF2atQzapHBLX5NFqJMcKZAWHfGkKQeNu1eQr46+AGg=",
        "owner": "Supreeeme",
        "repo": "xwayland-satellite",
        "rev": "3bc915f09dd62bb2651a715114f9d140344bc6c1",
        "type": "github"
      },
      "original": {
        "owner": "Supreeeme",
        "repo": "xwayland-satellite",
        "type": "github"
      }
    }
  },
  "root": "root",
  "version": 7
}
